
Microsoft Visual Studio Solution File, Format Version 12.00
# Visual Studio 14
VisualStudioVersion = 14.0.25420.1
MinimumVisualStudioVersion = 10.0.40219.1
Project("{FAE04EC0-301F-11D3-BF4B-00C04F79EFBC}") = "WebTestProject", "WebTestProject\WebTestProject.csproj", "{B37C5357-A0EF-444A-B41E-5864620CFE69}"
EndProject
Project("{FAE04EC0-301F-11D3-BF4B-00C04F79EFBC}") = "ClientWebTestProject", "ClientWebTestProject\ClientWebTestProject.csproj", "{D018C932-236A-412B-A214-06AE8C52909B}"
EndProject
Project("{FAE04EC0-301F-11D3-BF4B-00C04F79EFBC}") = "Models.Commons", "Models.Commons\Models.Commons.csproj", "{B270F0A8-B440-47E8-9570-92C9272BA7CC}"
EndProject
Global
	GlobalSection(SolutionConfigurationPlatforms) = preSolution
		Debug|Any CPU = Debug|Any CPU
		Release|Any CPU = Release|Any CPU
	EndGlobalSection
	GlobalSection(ProjectConfigurationPlatforms) = postSolution
		{B37C5357-A0EF-444A-B41E-5864620CFE69}.Debug|Any CPU.ActiveCfg = Debug|Any CPU
		{B37C5357-A0EF-444A-B41E-5864620CFE69}.Debug|Any CPU.Build.0 = Debug|Any CPU
		{B37C5357-A0EF-444A-B41E-5864620CFE69}.Release|Any CPU.ActiveCfg = Release|Any CPU
		{B37C5357-A0EF-444A-B41E-5864620CFE69}.Release|Any CPU.Build.0 = Release|Any CPU
		{D018C932-236A-412B-A214-06AE8C52909B}.Debug|Any CPU.ActiveCfg = Debug|Any CPU
		{D018C932-236A-412B-A214-06AE8C52909B}.Debug|Any CPU.Build.0 = Debug|Any CPU
		{D018C932-236A-412B-A214-06AE8C52909B}.Release|Any CPU.ActiveCfg = Release|Any CPU
		{D018C932-236A-412B-A214-06AE8C52909B}.Release|Any CPU.Build.0 = Release|Any CPU
		{B270F0A8-B440-47E8-9570-92C9272BA7CC}.Debug|Any CPU.ActiveCfg = Debug|Any CPU
		{B270F0A8-B440-47E8-9570-92C9272BA7CC}.Debug|Any CPU.Build.0 = Debug|Any CPU
		{B270F0A8-B440-47E8-9570-92C9272BA7CC}.Release|Any CPU.ActiveCfg = Release|Any CPU
		{B270F0A8-B440-47E8-9570-92C9272BA7CC}.Release|Any CPU.Build.0 = Release|Any CPU
	EndGlobalSection
	GlobalSection(SolutionProperties) = preSolution
		HideSolutionNode = FALSE
	EndGlobalSection
EndGlobal
