
Microsoft Visual Studio Solution File, Format Version 12.00
# Visual Studio 14
VisualStudioVersion = 14.0.25420.1
MinimumVisualStudioVersion = 10.0.40219.1
Project("{FAE04EC0-301F-11D3-BF4B-00C04F79EFBC}") = "WebTestProject", "WebTestProject\WebTestProject.csproj", "{B37C5357-A0EF-444A-B41E-5864620CFE69}"
EndProject
Project("{FAE04EC0-301F-11D3-BF4B-00C04F79EFBC}") = "ClientWebTestProject", "ClientWebTestProject\ClientWebTestProject.csproj", "{D018C932-236A-412B-A214-06AE8C52909B}"
EndProject
Project("{FAE04EC0-301F-11D3-BF4B-00C04F79EFBC}") = "Models.Commons", "Models.Commons\Models.Commons.csproj", "{B270F0A8-B440-47E8-9570-92C9272BA7CC}"
EndProject
Project("{FAE04EC0-301F-11D3-BF4B-00C04F79EFBC}") = "Infra", "Infra\Infra.csproj", "{6D9EABB7-FAA2-4455-90A2-5D88D9089703}"
EndProject
Project("{FAE04EC0-301F-11D3-BF4B-00C04F79EFBC}") = "IInfra", "IInfra\IInfra.csproj", "{B3C10506-EA3D-4528-91E1-18F02CDAB368}"
EndProject
Project("{FAE04EC0-301F-11D3-BF4B-00C04F79EFBC}") = "IModels.Commons", "IModels.Commons\IModels.Commons.csproj", "{3D7907B6-CBC5-4DF2-971B-CE2C44564DCE}"
EndProject
Global
	GlobalSection(SolutionConfigurationPlatforms) = preSolution
		Debug|Any CPU = Debug|Any CPU
		Release|Any CPU = Release|Any CPU
	EndGlobalSection
	GlobalSection(ProjectConfigurationPlatforms) = postSolution
		{B37C5357-A0EF-444A-B41E-5864620CFE69}.Debug|Any CPU.ActiveCfg = Debug|Any CPU
		{B37C5357-A0EF-444A-B41E-5864620CFE69}.Debug|Any CPU.Build.0 = Debug|Any CPU
		{B37C5357-A0EF-444A-B41E-5864620CFE69}.Release|Any CPU.ActiveCfg = Release|Any CPU
		{B37C5357-A0EF-444A-B41E-5864620CFE69}.Release|Any CPU.Build.0 = Release|Any CPU
		{D018C932-236A-412B-A214-06AE8C52909B}.Debug|Any CPU.ActiveCfg = Debug|Any CPU
		{D018C932-236A-412B-A214-06AE8C52909B}.Debug|Any CPU.Build.0 = Debug|Any CPU
		{D018C932-236A-412B-A214-06AE8C52909B}.Release|Any CPU.ActiveCfg = Release|Any CPU
		{D018C932-236A-412B-A214-06AE8C52909B}.Release|Any CPU.Build.0 = Release|Any CPU
		{B270F0A8-B440-47E8-9570-92C9272BA7CC}.Debug|Any CPU.ActiveCfg = Debug|Any CPU
		{B270F0A8-B440-47E8-9570-92C9272BA7CC}.Debug|Any CPU.Build.0 = Debug|Any CPU
		{B270F0A8-B440-47E8-9570-92C9272BA7CC}.Release|Any CPU.ActiveCfg = Release|Any CPU
		{B270F0A8-B440-47E8-9570-92C9272BA7CC}.Release|Any CPU.Build.0 = Release|Any CPU
		{6D9EABB7-FAA2-4455-90A2-5D88D9089703}.Debug|Any CPU.ActiveCfg = Debug|Any CPU
		{6D9EABB7-FAA2-4455-90A2-5D88D9089703}.Debug|Any CPU.Build.0 = Debug|Any CPU
		{6D9EABB7-FAA2-4455-90A2-5D88D9089703}.Release|Any CPU.ActiveCfg = Release|Any CPU
		{6D9EABB7-FAA2-4455-90A2-5D88D9089703}.Release|Any CPU.Build.0 = Release|Any CPU
		{B3C10506-EA3D-4528-91E1-18F02CDAB368}.Debug|Any CPU.ActiveCfg = Debug|Any CPU
		{B3C10506-EA3D-4528-91E1-18F02CDAB368}.Debug|Any CPU.Build.0 = Debug|Any CPU
		{B3C10506-EA3D-4528-91E1-18F02CDAB368}.Release|Any CPU.ActiveCfg = Release|Any CPU
		{B3C10506-EA3D-4528-91E1-18F02CDAB368}.Release|Any CPU.Build.0 = Release|Any CPU
		{3D7907B6-CBC5-4DF2-971B-CE2C44564DCE}.Debug|Any CPU.ActiveCfg = Debug|Any CPU
		{3D7907B6-CBC5-4DF2-971B-CE2C44564DCE}.Debug|Any CPU.Build.0 = Debug|Any CPU
		{3D7907B6-CBC5-4DF2-971B-CE2C44564DCE}.Release|Any CPU.ActiveCfg = Release|Any CPU
		{3D7907B6-CBC5-4DF2-971B-CE2C44564DCE}.Release|Any CPU.Build.0 = Release|Any CPU
	EndGlobalSection
	GlobalSection(SolutionProperties) = preSolution
		HideSolutionNode = FALSE
	EndGlobalSection
EndGlobal
